
Microsoft Visual Studio Solution File, Format Version 12.00
# Visual Studio Version 17
VisualStudioVersion = 17.8.34330.188
MinimumVisualStudioVersion = 10.0.40219.1
Project("{9A19103F-16F7-4668-BE54-9A1E7A4F7556}") = "TitleCaseWebApp", "TitleCaseWebApp.csproj", "{3F65752C-CB86-4894-96CD-0CDDAF474424}"
EndProject
Project("{FAE04EC0-301F-11D3-BF4B-00C04F79EFBC}") = "TestProject1", "..\TestProject1\TestProject1.csproj", "{BD228B00-FA23-46A8-9740-7739D1A75612}"
EndProject
Global
	GlobalSection(SolutionConfigurationPlatforms) = preSolution
		Debug|Any CPU = Debug|Any CPU
		Release|Any CPU = Release|Any CPU
	EndGlobalSection
	GlobalSection(ProjectConfigurationPlatforms) = postSolution
		{3F65752C-CB86-4894-96CD-0CDDAF474424}.Debug|Any CPU.ActiveCfg = Debug|Any CPU
		{3F65752C-CB86-4894-96CD-0CDDAF474424}.Debug|Any CPU.Build.0 = Debug|Any CPU
		{3F65752C-CB86-4894-96CD-0CDDAF474424}.Release|Any CPU.ActiveCfg = Release|Any CPU
		{3F65752C-CB86-4894-96CD-0CDDAF474424}.Release|Any CPU.Build.0 = Release|Any CPU
		{BD228B00-FA23-46A8-9740-7739D1A75612}.Debug|Any CPU.ActiveCfg = Debug|Any CPU
		{BD228B00-FA23-46A8-9740-7739D1A75612}.Debug|Any CPU.Build.0 = Debug|Any CPU
		{BD228B00-FA23-46A8-9740-7739D1A75612}.Release|Any CPU.ActiveCfg = Release|Any CPU
		{BD228B00-FA23-46A8-9740-7739D1A75612}.Release|Any CPU.Build.0 = Release|Any CPU
	EndGlobalSection
	GlobalSection(SolutionProperties) = preSolution
		HideSolutionNode = FALSE
	EndGlobalSection
	GlobalSection(ExtensibilityGlobals) = postSolution
		SolutionGuid = {4EA6BB43-9EAF-4920-BFAD-DEB8474DDAF4}
	EndGlobalSection
EndGlobal
